// !$*UTF8*$!
{
	archiveVersion = 1;
	classes = {
	};
	objectVersion = 55;
	objects = {

/* Begin PBXBuildFile section */
		063E00072742BDD4008C0C3C /* FruitsNutrientsView.swift in Sources */ = {isa = PBXBuildFile; fileRef = 063E00062742BDD3008C0C3C /* FruitsNutrientsView.swift */; };
		063E00092742C311008C0C3C /* SettingsView.swift in Sources */ = {isa = PBXBuildFile; fileRef = 063E00082742C311008C0C3C /* SettingsView.swift */; };
		063E000B2742C83F008C0C3C /* SettingsLabelView.swift in Sources */ = {isa = PBXBuildFile; fileRef = 063E000A2742C83F008C0C3C /* SettingsLabelView.swift */; };
		063E000D2742CCFE008C0C3C /* SettingsRowView.swift in Sources */ = {isa = PBXBuildFile; fileRef = 063E000C2742CCFE008C0C3C /* SettingsRowView.swift */; };
		064DBE4F2740F8D90049346D /* FructusApp.swift in Sources */ = {isa = PBXBuildFile; fileRef = 064DBE4E2740F8D90049346D /* FructusApp.swift */; };
		064DBE512740F8D90049346D /* ContentView.swift in Sources */ = {isa = PBXBuildFile; fileRef = 064DBE502740F8D90049346D /* ContentView.swift */; };
		064DBE532740F8DC0049346D /* Assets.xcassets in Resources */ = {isa = PBXBuildFile; fileRef = 064DBE522740F8DC0049346D /* Assets.xcassets */; };
		064DBE562740F8DC0049346D /* Preview Assets.xcassets in Resources */ = {isa = PBXBuildFile; fileRef = 064DBE552740F8DC0049346D /* Preview Assets.xcassets */; };
		064DBE5E2740FB690049346D /* Colors.swift in Sources */ = {isa = PBXBuildFile; fileRef = 064DBE5D2740FB690049346D /* Colors.swift */; };
		064DBE622740FEE10049346D /* FruitCardView.swift in Sources */ = {isa = PBXBuildFile; fileRef = 064DBE612740FEE10049346D /* FruitCardView.swift */; };
		064DBE64274100210049346D /* Images.swift in Sources */ = {isa = PBXBuildFile; fileRef = 064DBE63274100210049346D /* Images.swift */; };
		064DBE662741043A0049346D /* StartButtonView.swift in Sources */ = {isa = PBXBuildFile; fileRef = 064DBE652741043A0049346D /* StartButtonView.swift */; };
		064DBE69274107C80049346D /* OnBoardingView.swift in Sources */ = {isa = PBXBuildFile; fileRef = 064DBE68274107C80049346D /* OnBoardingView.swift */; };
		064DBE6C27410BDF0049346D /* FruitsModel.swift in Sources */ = {isa = PBXBuildFile; fileRef = 064DBE6B27410BDF0049346D /* FruitsModel.swift */; };
		064DBE6F27410CD80049346D /* FruitsData.swift in Sources */ = {isa = PBXBuildFile; fileRef = 064DBE6E27410CD80049346D /* FruitsData.swift */; };
		064DBE71274116A80049346D /* FruitRowView.swift in Sources */ = {isa = PBXBuildFile; fileRef = 064DBE70274116A80049346D /* FruitRowView.swift */; };
		064DBE7327411FFD0049346D /* FruitDetailView.swift in Sources */ = {isa = PBXBuildFile; fileRef = 064DBE7227411FFD0049346D /* FruitDetailView.swift */; };
		064DBE75274128720049346D /* FruitHeaderView.swift in Sources */ = {isa = PBXBuildFile; fileRef = 064DBE74274128720049346D /* FruitHeaderView.swift */; };
		064DBE7727412D2E0049346D /* SourceLinkView.swift in Sources */ = {isa = PBXBuildFile; fileRef = 064DBE7627412D2E0049346D /* SourceLinkView.swift */; };
/* End PBXBuildFile section */

/* Begin PBXFileReference section */
		063E00062742BDD3008C0C3C /* FruitsNutrientsView.swift */ = {isa = PBXFileReference; lastKnownFileType = sourcecode.swift; path = FruitsNutrientsView.swift; sourceTree = "<group>"; };
		063E00082742C311008C0C3C /* SettingsView.swift */ = {isa = PBXFileReference; lastKnownFileType = sourcecode.swift; path = SettingsView.swift; sourceTree = "<group>"; };
		063E000A2742C83F008C0C3C /* SettingsLabelView.swift */ = {isa = PBXFileReference; lastKnownFileType = sourcecode.swift; path = SettingsLabelView.swift; sourceTree = "<group>"; };
		063E000C2742CCFE008C0C3C /* SettingsRowView.swift */ = {isa = PBXFileReference; lastKnownFileType = sourcecode.swift; path = SettingsRowView.swift; sourceTree = "<group>"; };
		064DBE4B2740F8D90049346D /* Fructus.app */ = {isa = PBXFileReference; explicitFileType = wrapper.application; includeInIndex = 0; path = Fructus.app; sourceTree = BUILT_PRODUCTS_DIR; };
		064DBE4E2740F8D90049346D /* FructusApp.swift */ = {isa = PBXFileReference; lastKnownFileType = sourcecode.swift; path = FructusApp.swift; sourceTree = "<group>"; };
		064DBE502740F8D90049346D /* ContentView.swift */ = {isa = PBXFileReference; lastKnownFileType = sourcecode.swift; path = ContentView.swift; sourceTree = "<group>"; };
		064DBE522740F8DC0049346D /* Assets.xcassets */ = {isa = PBXFileReference; lastKnownFileType = folder.assetcatalog; path = Assets.xcassets; sourceTree = "<group>"; };
		064DBE552740F8DC0049346D /* Preview Assets.xcassets */ = {isa = PBXFileReference; lastKnownFileType = folder.assetcatalog; path = "Preview Assets.xcassets"; sourceTree = "<group>"; };
		064DBE5D2740FB690049346D /* Colors.swift */ = {isa = PBXFileReference; lastKnownFileType = sourcecode.swift; path = Colors.swift; sourceTree = "<group>"; };
		064DBE612740FEE10049346D /* FruitCardView.swift */ = {isa = PBXFileReference; lastKnownFileType = sourcecode.swift; path = FruitCardView.swift; sourceTree = "<group>"; };
		064DBE63274100210049346D /* Images.swift */ = {isa = PBXFileReference; lastKnownFileType = sourcecode.swift; path = Images.swift; sourceTree = "<group>"; };
		064DBE652741043A0049346D /* StartButtonView.swift */ = {isa = PBXFileReference; lastKnownFileType = sourcecode.swift; path = StartButtonView.swift; sourceTree = "<group>"; };
		064DBE68274107C80049346D /* OnBoardingView.swift */ = {isa = PBXFileReference; lastKnownFileType = sourcecode.swift; path = OnBoardingView.swift; sourceTree = "<group>"; };
		064DBE6B27410BDF0049346D /* FruitsModel.swift */ = {isa = PBXFileReference; lastKnownFileType = sourcecode.swift; path = FruitsModel.swift; sourceTree = "<group>"; };
		064DBE6E27410CD80049346D /* FruitsData.swift */ = {isa = PBXFileReference; lastKnownFileType = sourcecode.swift; path = FruitsData.swift; sourceTree = "<group>"; };
		064DBE70274116A80049346D /* FruitRowView.swift */ = {isa = PBXFileReference; lastKnownFileType = sourcecode.swift; path = FruitRowView.swift; sourceTree = "<group>"; };
		064DBE7227411FFD0049346D /* FruitDetailView.swift */ = {isa = PBXFileReference; lastKnownFileType = sourcecode.swift; path = FruitDetailView.swift; sourceTree = "<group>"; };
		064DBE74274128720049346D /* FruitHeaderView.swift */ = {isa = PBXFileReference; lastKnownFileType = sourcecode.swift; path = FruitHeaderView.swift; sourceTree = "<group>"; };
		064DBE7627412D2E0049346D /* SourceLinkView.swift */ = {isa = PBXFileReference; lastKnownFileType = sourcecode.swift; path = SourceLinkView.swift; sourceTree = "<group>"; };
/* End PBXFileReference section */

/* Begin PBXFrameworksBuildPhase section */
		064DBE482740F8D90049346D /* Frameworks */ = {
			isa = PBXFrameworksBuildPhase;
			buildActionMask = 2147483647;
			files = (
			);
			runOnlyForDeploymentPostprocessing = 0;
		};
/* End PBXFrameworksBuildPhase section */

/* Begin PBXGroup section */
		064DBE422740F8D90049346D = {
			isa = PBXGroup;
			children = (
				064DBE4D2740F8D90049346D /* Fructus */,
				064DBE4C2740F8D90049346D /* Products */,
			);
			sourceTree = "<group>";
		};
		064DBE4C2740F8D90049346D /* Products */ = {
			isa = PBXGroup;
			children = (
				064DBE4B2740F8D90049346D /* Fructus.app */,
			);
			name = Products;
			sourceTree = "<group>";
		};
		064DBE4D2740F8D90049346D /* Fructus */ = {
			isa = PBXGroup;
			children = (
				064DBE6D27410CC40049346D /* Data */,
				064DBE6A27410BC30049346D /* Models */,
				064DBE5F2740FE680049346D /* App */,
				064DBE602740FEB40049346D /* Views */,
				064DBE5C2740FB1A0049346D /* Utilies */,
				064DBE522740F8DC0049346D /* Assets.xcassets */,
				064DBE542740F8DC0049346D /* Preview Content */,
			);
			path = Fructus;
			sourceTree = "<group>";
		};
		064DBE542740F8DC0049346D /* Preview Content */ = {
			isa = PBXGroup;
			children = (
				064DBE552740F8DC0049346D /* Preview Assets.xcassets */,
			);
			path = "Preview Content";
			sourceTree = "<group>";
		};
		064DBE5C2740FB1A0049346D /* Utilies */ = {
			isa = PBXGroup;
			children = (
				064DBE5D2740FB690049346D /* Colors.swift */,
				064DBE63274100210049346D /* Images.swift */,
			);
			path = Utilies;
			sourceTree = "<group>";
		};
		064DBE5F2740FE680049346D /* App */ = {
			isa = PBXGroup;
			children = (
				064DBE4E2740F8D90049346D /* FructusApp.swift */,
				064DBE502740F8D90049346D /* ContentView.swift */,
				064DBE68274107C80049346D /* OnBoardingView.swift */,
				064DBE7227411FFD0049346D /* FruitDetailView.swift */,
				063E00082742C311008C0C3C /* SettingsView.swift */,
			);
			path = App;
			sourceTree = "<group>";
		};
		064DBE602740FEB40049346D /* Views */ = {
			isa = PBXGroup;
			children = (
				064DBE612740FEE10049346D /* FruitCardView.swift */,
				064DBE652741043A0049346D /* StartButtonView.swift */,
				064DBE70274116A80049346D /* FruitRowView.swift */,
				064DBE74274128720049346D /* FruitHeaderView.swift */,
				064DBE7627412D2E0049346D /* SourceLinkView.swift */,
				063E00062742BDD3008C0C3C /* FruitsNutrientsView.swift */,
				063E000A2742C83F008C0C3C /* SettingsLabelView.swift */,
				063E000C2742CCFE008C0C3C /* SettingsRowView.swift */,
			);
			path = Views;
			sourceTree = "<group>";
		};
		064DBE6A27410BC30049346D /* Models */ = {
			isa = PBXGroup;
			children = (
				064DBE6B27410BDF0049346D /* FruitsModel.swift */,
			);
			path = Models;
			sourceTree = "<group>";
		};
		064DBE6D27410CC40049346D /* Data */ = {
			isa = PBXGroup;
			children = (
				064DBE6E27410CD80049346D /* FruitsData.swift */,
			);
			path = Data;
			sourceTree = "<group>";
		};
/* End PBXGroup section */

/* Begin PBXNativeTarget section */
		064DBE4A2740F8D90049346D /* Fructus */ = {
			isa = PBXNativeTarget;
			buildConfigurationList = 064DBE592740F8DC0049346D /* Build configuration list for PBXNativeTarget "Fructus" */;
			buildPhases = (
				064DBE472740F8D90049346D /* Sources */,
				064DBE482740F8D90049346D /* Frameworks */,
				064DBE492740F8D90049346D /* Resources */,
			);
			buildRules = (
			);
			dependencies = (
			);
			name = Fructus;
			productName = Fructus;
			productReference = 064DBE4B2740F8D90049346D /* Fructus.app */;
			productType = "com.apple.product-type.application";
		};
/* End PBXNativeTarget section */

/* Begin PBXProject section */
		064DBE432740F8D90049346D /* Project object */ = {
			isa = PBXProject;
			attributes = {
				BuildIndependentTargetsInParallel = 1;
				LastSwiftUpdateCheck = 1310;
				LastUpgradeCheck = 1310;
				TargetAttributes = {
					064DBE4A2740F8D90049346D = {
						CreatedOnToolsVersion = 13.1;
					};
				};
			};
			buildConfigurationList = 064DBE462740F8D90049346D /* Build configuration list for PBXProject "Fructus" */;
			compatibilityVersion = "Xcode 13.0";
			developmentRegion = en;
			hasScannedForEncodings = 0;
			knownRegions = (
				en,
				Base,
			);
			mainGroup = 064DBE422740F8D90049346D;
			productRefGroup = 064DBE4C2740F8D90049346D /* Products */;
			projectDirPath = "";
			projectRoot = "";
			targets = (
				064DBE4A2740F8D90049346D /* Fructus */,
			);
		};
/* End PBXProject section */

/* Begin PBXResourcesBuildPhase section */
		064DBE492740F8D90049346D /* Resources */ = {
			isa = PBXResourcesBuildPhase;
			buildActionMask = 2147483647;
			files = (
				064DBE562740F8DC0049346D /* Preview Assets.xcassets in Resources */,
				064DBE532740F8DC0049346D /* Assets.xcassets in Resources */,
			);
			runOnlyForDeploymentPostprocessing = 0;
		};
/* End PBXResourcesBuildPhase section */

/* Begin PBXSourcesBuildPhase section */
		064DBE472740F8D90049346D /* Sources */ = {
			isa = PBXSourcesBuildPhase;
			buildActionMask = 2147483647;
			files = (
				063E00092742C311008C0C3C /* SettingsView.swift in Sources */,
				064DBE71274116A80049346D /* FruitRowView.swift in Sources */,
				064DBE512740F8D90049346D /* ContentView.swift in Sources */,
				064DBE75274128720049346D /* FruitHeaderView.swift in Sources */,
				064DBE622740FEE10049346D /* FruitCardView.swift in Sources */,
				063E00072742BDD4008C0C3C /* FruitsNutrientsView.swift in Sources */,
				064DBE6F27410CD80049346D /* FruitsData.swift in Sources */,
				064DBE6C27410BDF0049346D /* FruitsModel.swift in Sources */,
				064DBE7727412D2E0049346D /* SourceLinkView.swift in Sources */,
				064DBE69274107C80049346D /* OnBoardingView.swift in Sources */,
				064DBE64274100210049346D /* Images.swift in Sources */,
				063E000D2742CCFE008C0C3C /* SettingsRowView.swift in Sources */,
				064DBE7327411FFD0049346D /* FruitDetailView.swift in Sources */,
				064DBE662741043A0049346D /* StartButtonView.swift in Sources */,
				064DBE5E2740FB690049346D /* Colors.swift in Sources */,
				063E000B2742C83F008C0C3C /* SettingsLabelView.swift in Sources */,
				064DBE4F2740F8D90049346D /* FructusApp.swift in Sources */,
			);
			runOnlyForDeploymentPostprocessing = 0;
		};
/* End PBXSourcesBuildPhase section */

/* Begin XCBuildConfiguration section */
		064DBE572740F8DC0049346D /* Debug */ = {
			isa = XCBuildConfiguration;
			buildSettings = {
				ALWAYS_SEARCH_USER_PATHS = NO;
				CLANG_ANALYZER_NONNULL = YES;
				CLANG_ANALYZER_NUMBER_OBJECT_CONVERSION = YES_AGGRESSIVE;
				CLANG_CXX_LANGUAGE_STANDARD = "gnu++17";
				CLANG_CXX_LIBRARY = "libc++";
				CLANG_ENABLE_MODULES = YES;
				CLANG_ENABLE_OBJC_ARC = YES;
				CLANG_ENABLE_OBJC_WEAK = YES;
				CLANG_WARN_BLOCK_CAPTURE_AUTORELEASING = YES;
				CLANG_WARN_BOOL_CONVERSION = YES;
				CLANG_WARN_COMMA = YES;
				CLANG_WARN_CONSTANT_CONVERSION = YES;
				CLANG_WARN_DEPRECATED_OBJC_IMPLEMENTATIONS = YES;
				CLANG_WARN_DIRECT_OBJC_ISA_USAGE = YES_ERROR;
				CLANG_WARN_DOCUMENTATION_COMMENTS = YES;
				CLANG_WARN_EMPTY_BODY = YES;
				CLANG_WARN_ENUM_CONVERSION = YES;
				CLANG_WARN_INFINITE_RECURSION = YES;
				CLANG_WARN_INT_CONVERSION = YES;
				CLANG_WARN_NON_LITERAL_NULL_CONVERSION = YES;
				CLANG_WARN_OBJC_IMPLICIT_RETAIN_SELF = YES;
				CLANG_WARN_OBJC_LITERAL_CONVERSION = YES;
				CLANG_WARN_OBJC_ROOT_CLASS = YES_ERROR;
				CLANG_WARN_QUOTED_INCLUDE_IN_FRAMEWORK_HEADER = YES;
				CLANG_WARN_RANGE_LOOP_ANALYSIS = YES;
				CLANG_WARN_STRICT_PROTOTYPES = YES;
				CLANG_WARN_SUSPICIOUS_MOVE = YES;
				CLANG_WARN_UNGUARDED_AVAILABILITY = YES_AGGRESSIVE;
				CLANG_WARN_UNREACHABLE_CODE = YES;
				CLANG_WARN__DUPLICATE_METHOD_MATCH = YES;
				COPY_PHASE_STRIP = NO;
				DEBUG_INFORMATION_FORMAT = dwarf;
				ENABLE_STRICT_OBJC_MSGSEND = YES;
				ENABLE_TESTABILITY = YES;
				GCC_C_LANGUAGE_STANDARD = gnu11;
				GCC_DYNAMIC_NO_PIC = NO;
				GCC_NO_COMMON_BLOCKS = YES;
				GCC_OPTIMIZATION_LEVEL = 0;
				GCC_PREPROCESSOR_DEFINITIONS = (
					"DEBUG=1",
					"$(inherited)",
				);
				GCC_WARN_64_TO_32_BIT_CONVERSION = YES;
				GCC_WARN_ABOUT_RETURN_TYPE = YES_ERROR;
				GCC_WARN_UNDECLARED_SELECTOR = YES;
				GCC_WARN_UNINITIALIZED_AUTOS = YES_AGGRESSIVE;
				GCC_WARN_UNUSED_FUNCTION = YES;
				GCC_WARN_UNUSED_VARIABLE = YES;
				IPHONEOS_DEPLOYMENT_TARGET = 15.0;
				MTL_ENABLE_DEBUG_INFO = INCLUDE_SOURCE;
				MTL_FAST_MATH = YES;
				ONLY_ACTIVE_ARCH = YES;
				SDKROOT = iphoneos;
				SWIFT_ACTIVE_COMPILATION_CONDITIONS = DEBUG;
				SWIFT_OPTIMIZATION_LEVEL = "-Onone";
			};
			name = Debug;
		};
		064DBE582740F8DC0049346D /* Release */ = {
			isa = XCBuildConfiguration;
			buildSettings = {
				ALWAYS_SEARCH_USER_PATHS = NO;
				CLANG_ANALYZER_NONNULL = YES;
				CLANG_ANALYZER_NUMBER_OBJECT_CONVERSION = YES_AGGRESSIVE;
				CLANG_CXX_LANGUAGE_STANDARD = "gnu++17";
				CLANG_CXX_LIBRARY = "libc++";
				CLANG_ENABLE_MODULES = YES;
				CLANG_ENABLE_OBJC_ARC = YES;
				CLANG_ENABLE_OBJC_WEAK = YES;
				CLANG_WARN_BLOCK_CAPTURE_AUTORELEASING = YES;
				CLANG_WARN_BOOL_CONVERSION = YES;
				CLANG_WARN_COMMA = YES;
				CLANG_WARN_CONSTANT_CONVERSION = YES;
				CLANG_WARN_DEPRECATED_OBJC_IMPLEMENTATIONS = YES;
				CLANG_WARN_DIRECT_OBJC_ISA_USAGE = YES_ERROR;
				CLANG_WARN_DOCUMENTATION_COMMENTS = YES;
				CLANG_WARN_EMPTY_BODY = YES;
				CLANG_WARN_ENUM_CONVERSION = YES;
				CLANG_WARN_INFINITE_RECURSION = YES;
				CLANG_WARN_INT_CONVERSION = YES;
				CLANG_WARN_NON_LITERAL_NULL_CONVERSION = YES;
				CLANG_WARN_OBJC_IMPLICIT_RETAIN_SELF = YES;
				CLANG_WARN_OBJC_LITERAL_CONVERSION = YES;
				CLANG_WARN_OBJC_ROOT_CLASS = YES_ERROR;
				CLANG_WARN_QUOTED_INCLUDE_IN_FRAMEWORK_HEADER = YES;
				CLANG_WARN_RANGE_LOOP_ANALYSIS = YES;
				CLANG_WARN_STRICT_PROTOTYPES = YES;
				CLANG_WARN_SUSPICIOUS_MOVE = YES;
				CLANG_WARN_UNGUARDED_AVAILABILITY = YES_AGGRESSIVE;
				CLANG_WARN_UNREACHABLE_CODE = YES;
				CLANG_WARN__DUPLICATE_METHOD_MATCH = YES;
				COPY_PHASE_STRIP = NO;
				DEBUG_INFORMATION_FORMAT = "dwarf-with-dsym";
				ENABLE_NS_ASSERTIONS = NO;
				ENABLE_STRICT_OBJC_MSGSEND = YES;
				GCC_C_LANGUAGE_STANDARD = gnu11;
				GCC_NO_COMMON_BLOCKS = YES;
				GCC_WARN_64_TO_32_BIT_CONVERSION = YES;
				GCC_WARN_ABOUT_RETURN_TYPE = YES_ERROR;
				GCC_WARN_UNDECLARED_SELECTOR = YES;
				GCC_WARN_UNINITIALIZED_AUTOS = YES_AGGRESSIVE;
				GCC_WARN_UNUSED_FUNCTION = YES;
				GCC_WARN_UNUSED_VARIABLE = YES;
				IPHONEOS_DEPLOYMENT_TARGET = 15.0;
				MTL_ENABLE_DEBUG_INFO = NO;
				MTL_FAST_MATH = YES;
				SDKROOT = iphoneos;
				SWIFT_COMPILATION_MODE = wholemodule;
				SWIFT_OPTIMIZATION_LEVEL = "-O";
				VALIDATE_PRODUCT = YES;
			};
			name = Release;
		};
		064DBE5A2740F8DC0049346D /* Debug */ = {
			isa = XCBuildConfiguration;
			buildSettings = {
				ASSETCATALOG_COMPILER_APPICON_NAME = AppIcon;
				ASSETCATALOG_COMPILER_GLOBAL_ACCENT_COLOR_NAME = AccentColor;
				CODE_SIGN_STYLE = Automatic;
				CURRENT_PROJECT_VERSION = 1;
				DEVELOPMENT_ASSET_PATHS = "\"Fructus/Preview Content\"";
				ENABLE_PREVIEWS = YES;
				GENERATE_INFOPLIST_FILE = YES;
				INFOPLIST_KEY_UIApplicationSceneManifest_Generation = YES;
				INFOPLIST_KEY_UIApplicationSupportsIndirectInputEvents = YES;
				INFOPLIST_KEY_UILaunchScreen_Generation = YES;
				INFOPLIST_KEY_UISupportedInterfaceOrientations = UIInterfaceOrientationPortrait;
				INFOPLIST_KEY_UISupportedInterfaceOrientations_iPad = "UIInterfaceOrientationPortrait UIInterfaceOrientationPortraitUpsideDown UIInterfaceOrientationLandscapeLeft UIInterfaceOrientationLandscapeRight";
				INFOPLIST_KEY_UISupportedInterfaceOrientations_iPhone = "UIInterfaceOrientationPortrait UIInterfaceOrientationLandscapeLeft UIInterfaceOrientationLandscapeRight";
				LD_RUNPATH_SEARCH_PATHS = (
					"$(inherited)",
					"@executable_path/Frameworks",
				);
				MARKETING_VERSION = 1.0;
				PRODUCT_BUNDLE_IDENTIFIER = com.kurban.Fructus;
				PRODUCT_NAME = "$(TARGET_NAME)";
				SWIFT_EMIT_LOC_STRINGS = YES;
				SWIFT_VERSION = 5.0;
				TARGETED_DEVICE_FAMILY = "1,2";
			};
			name = Debug;
		};
		064DBE5B2740F8DC0049346D /* Release */ = {
			isa = XCBuildConfiguration;
			buildSettings = {
				ASSETCATALOG_COMPILER_APPICON_NAME = AppIcon;
				ASSETCATALOG_COMPILER_GLOBAL_ACCENT_COLOR_NAME = AccentColor;
				CODE_SIGN_STYLE = Automatic;
				CURRENT_PROJECT_VERSION = 1;
				DEVELOPMENT_ASSET_PATHS = "\"Fructus/Preview Content\"";
				ENABLE_PREVIEWS = YES;
				GENERATE_INFOPLIST_FILE = YES;
				INFOPLIST_KEY_UIApplicationSceneManifest_Generation = YES;
				INFOPLIST_KEY_UIApplicationSupportsIndirectInputEvents = YES;
				INFOPLIST_KEY_UILaunchScreen_Generation = YES;
				INFOPLIST_KEY_UISupportedInterfaceOrientations = UIInterfaceOrientationPortrait;
				INFOPLIST_KEY_UISupportedInterfaceOrientations_iPad = "UIInterfaceOrientationPortrait UIInterfaceOrientationPortraitUpsideDown UIInterfaceOrientationLandscapeLeft UIInterfaceOrientationLandscapeRight";
				INFOPLIST_KEY_UISupportedInterfaceOrientations_iPhone = "UIInterfaceOrientationPortrait UIInterfaceOrientationLandscapeLeft UIInterfaceOrientationLandscapeRight";
				LD_RUNPATH_SEARCH_PATHS = (
					"$(inherited)",
					"@executable_path/Frameworks",
				);
				MARKETING_VERSION = 1.0;
				PRODUCT_BUNDLE_IDENTIFIER = com.kurban.Fructus;
				PRODUCT_NAME = "$(TARGET_NAME)";
				SWIFT_EMIT_LOC_STRINGS = YES;
				SWIFT_VERSION = 5.0;
				TARGETED_DEVICE_FAMILY = "1,2";
			};
			name = Release;
		};
/* End XCBuildConfiguration section */

/* Begin XCConfigurationList section */
		064DBE462740F8D90049346D /* Build configuration list for PBXProject "Fructus" */ = {
			isa = XCConfigurationList;
			buildConfigurations = (
				064DBE572740F8DC0049346D /* Debug */,
				064DBE582740F8DC0049346D /* Release */,
			);
			defaultConfigurationIsVisible = 0;
			defaultConfigurationName = Release;
		};
		064DBE592740F8DC0049346D /* Build configuration list for PBXNativeTarget "Fructus" */ = {
			isa = XCConfigurationList;
			buildConfigurations = (
				064DBE5A2740F8DC0049346D /* Debug */,
				064DBE5B2740F8DC0049346D /* Release */,
			);
			defaultConfigurationIsVisible = 0;
			defaultConfigurationName = Release;
		};
/* End XCConfigurationList section */
	};
	rootObject = 064DBE432740F8D90049346D /* Project object */;
}
