// !$*UTF8*$!
{
	archiveVersion = 1;
	classes = {
	};
	objectVersion = 55;
	objects = {

/* Begin PBXBuildFile section */
		0622B540273FB1780004AE2A /* AudioPlayer.swift in Sources */ = {isa = PBXBuildFile; fileRef = 0622B53F273FB1770004AE2A /* AudioPlayer.swift */; };
		063C7BA3273F8B1000F1CEFA /* CircleGroupView.swift in Sources */ = {isa = PBXBuildFile; fileRef = 063C7BA2273F8B1000F1CEFA /* CircleGroupView.swift */; };
		06A4B6A0273EDB9500EB4B9B /* RestartApp.swift in Sources */ = {isa = PBXBuildFile; fileRef = 06A4B69F273EDB9500EB4B9B /* RestartApp.swift */; };
		06A4B6A2273EDB9500EB4B9B /* ContentView.swift in Sources */ = {isa = PBXBuildFile; fileRef = 06A4B6A1273EDB9500EB4B9B /* ContentView.swift */; };
		06A4B6A4273EDB9700EB4B9B /* Assets.xcassets in Resources */ = {isa = PBXBuildFile; fileRef = 06A4B6A3273EDB9700EB4B9B /* Assets.xcassets */; };
		06A4B6A7273EDB9700EB4B9B /* Preview Assets.xcassets in Resources */ = {isa = PBXBuildFile; fileRef = 06A4B6A6273EDB9700EB4B9B /* Preview Assets.xcassets */; };
		06A4B6AF273EDC4200EB4B9B /* success.m4a in Resources */ = {isa = PBXBuildFile; fileRef = 06A4B6AD273EDC4100EB4B9B /* success.m4a */; };
		06A4B6B0273EDC4200EB4B9B /* chimeup.mp3 in Resources */ = {isa = PBXBuildFile; fileRef = 06A4B6AE273EDC4100EB4B9B /* chimeup.mp3 */; };
		06A4B6B7273EE0BC00EB4B9B /* OnboardingView.swift in Sources */ = {isa = PBXBuildFile; fileRef = 06A4B6B6273EE0BC00EB4B9B /* OnboardingView.swift */; };
		06A4B6B9273EE0D100EB4B9B /* HomeView.swift in Sources */ = {isa = PBXBuildFile; fileRef = 06A4B6B8273EE0D100EB4B9B /* HomeView.swift */; };
/* End PBXBuildFile section */

/* Begin PBXFileReference section */
		0622B53F273FB1770004AE2A /* AudioPlayer.swift */ = {isa = PBXFileReference; lastKnownFileType = sourcecode.swift; path = AudioPlayer.swift; sourceTree = "<group>"; };
		063C7BA2273F8B1000F1CEFA /* CircleGroupView.swift */ = {isa = PBXFileReference; lastKnownFileType = sourcecode.swift; path = CircleGroupView.swift; sourceTree = "<group>"; };
		06A4B69C273EDB9500EB4B9B /* Restart.app */ = {isa = PBXFileReference; explicitFileType = wrapper.application; includeInIndex = 0; path = Restart.app; sourceTree = BUILT_PRODUCTS_DIR; };
		06A4B69F273EDB9500EB4B9B /* RestartApp.swift */ = {isa = PBXFileReference; lastKnownFileType = sourcecode.swift; path = RestartApp.swift; sourceTree = "<group>"; };
		06A4B6A1273EDB9500EB4B9B /* ContentView.swift */ = {isa = PBXFileReference; lastKnownFileType = sourcecode.swift; path = ContentView.swift; sourceTree = "<group>"; };
		06A4B6A3273EDB9700EB4B9B /* Assets.xcassets */ = {isa = PBXFileReference; lastKnownFileType = folder.assetcatalog; path = Assets.xcassets; sourceTree = "<group>"; };
		06A4B6A6273EDB9700EB4B9B /* Preview Assets.xcassets */ = {isa = PBXFileReference; lastKnownFileType = folder.assetcatalog; path = "Preview Assets.xcassets"; sourceTree = "<group>"; };
		06A4B6AD273EDC4100EB4B9B /* success.m4a */ = {isa = PBXFileReference; lastKnownFileType = file; path = success.m4a; sourceTree = "<group>"; };
		06A4B6AE273EDC4100EB4B9B /* chimeup.mp3 */ = {isa = PBXFileReference; lastKnownFileType = audio.mp3; path = chimeup.mp3; sourceTree = "<group>"; };
		06A4B6B5273EDF2C00EB4B9B /* Info.plist */ = {isa = PBXFileReference; lastKnownFileType = text.plist; path = Info.plist; sourceTree = "<group>"; };
		06A4B6B6273EE0BC00EB4B9B /* OnboardingView.swift */ = {isa = PBXFileReference; lastKnownFileType = sourcecode.swift; path = OnboardingView.swift; sourceTree = "<group>"; };
		06A4B6B8273EE0D100EB4B9B /* HomeView.swift */ = {isa = PBXFileReference; lastKnownFileType = sourcecode.swift; path = HomeView.swift; sourceTree = "<group>"; };
/* End PBXFileReference section */

/* Begin PBXFrameworksBuildPhase section */
		06A4B699273EDB9500EB4B9B /* Frameworks */ = {
			isa = PBXFrameworksBuildPhase;
			buildActionMask = 2147483647;
			files = (
			);
			runOnlyForDeploymentPostprocessing = 0;
		};
/* End PBXFrameworksBuildPhase section */

/* Begin PBXGroup section */
		06A4B693273EDB9500EB4B9B = {
			isa = PBXGroup;
			children = (
				06A4B69E273EDB9500EB4B9B /* Restart */,
				06A4B69D273EDB9500EB4B9B /* Products */,
			);
			sourceTree = "<group>";
		};
		06A4B69D273EDB9500EB4B9B /* Products */ = {
			isa = PBXGroup;
			children = (
				06A4B69C273EDB9500EB4B9B /* Restart.app */,
			);
			name = Products;
			sourceTree = "<group>";
		};
		06A4B69E273EDB9500EB4B9B /* Restart */ = {
			isa = PBXGroup;
			children = (
				06A4B6B5273EDF2C00EB4B9B /* Info.plist */,
				06A4B6B4273EDDA800EB4B9B /* Utilities */,
				06A4B6B3273EDD9600EB4B9B /* Views */,
				06A4B6B2273EDD8A00EB4B9B /* Screens */,
				06A4B6B1273EDC6300EB4B9B /* Sounds */,
				06A4B69F273EDB9500EB4B9B /* RestartApp.swift */,
				06A4B6A3273EDB9700EB4B9B /* Assets.xcassets */,
				06A4B6A5273EDB9700EB4B9B /* Preview Content */,
			);
			path = Restart;
			sourceTree = "<group>";
		};
		06A4B6A5273EDB9700EB4B9B /* Preview Content */ = {
			isa = PBXGroup;
			children = (
				06A4B6A6273EDB9700EB4B9B /* Preview Assets.xcassets */,
			);
			path = "Preview Content";
			sourceTree = "<group>";
		};
		06A4B6B1273EDC6300EB4B9B /* Sounds */ = {
			isa = PBXGroup;
			children = (
				06A4B6AE273EDC4100EB4B9B /* chimeup.mp3 */,
				06A4B6AD273EDC4100EB4B9B /* success.m4a */,
			);
			path = Sounds;
			sourceTree = "<group>";
		};
		06A4B6B2273EDD8A00EB4B9B /* Screens */ = {
			isa = PBXGroup;
			children = (
				06A4B6A1273EDB9500EB4B9B /* ContentView.swift */,
				06A4B6B6273EE0BC00EB4B9B /* OnboardingView.swift */,
				06A4B6B8273EE0D100EB4B9B /* HomeView.swift */,
			);
			path = Screens;
			sourceTree = "<group>";
		};
		06A4B6B3273EDD9600EB4B9B /* Views */ = {
			isa = PBXGroup;
			children = (
				063C7BA2273F8B1000F1CEFA /* CircleGroupView.swift */,
			);
			path = Views;
			sourceTree = "<group>";
		};
		06A4B6B4273EDDA800EB4B9B /* Utilities */ = {
			isa = PBXGroup;
			children = (
				0622B53F273FB1770004AE2A /* AudioPlayer.swift */,
			);
			path = Utilities;
			sourceTree = "<group>";
		};
/* End PBXGroup section */

/* Begin PBXNativeTarget section */
		06A4B69B273EDB9500EB4B9B /* Restart */ = {
			isa = PBXNativeTarget;
			buildConfigurationList = 06A4B6AA273EDB9700EB4B9B /* Build configuration list for PBXNativeTarget "Restart" */;
			buildPhases = (
				06A4B698273EDB9500EB4B9B /* Sources */,
				06A4B699273EDB9500EB4B9B /* Frameworks */,
				06A4B69A273EDB9500EB4B9B /* Resources */,
			);
			buildRules = (
			);
			dependencies = (
			);
			name = Restart;
			productName = Restart;
			productReference = 06A4B69C273EDB9500EB4B9B /* Restart.app */;
			productType = "com.apple.product-type.application";
		};
/* End PBXNativeTarget section */

/* Begin PBXProject section */
		06A4B694273EDB9500EB4B9B /* Project object */ = {
			isa = PBXProject;
			attributes = {
				BuildIndependentTargetsInParallel = 1;
				LastSwiftUpdateCheck = 1310;
				LastUpgradeCheck = 1310;
				TargetAttributes = {
					06A4B69B273EDB9500EB4B9B = {
						CreatedOnToolsVersion = 13.1;
					};
				};
			};
			buildConfigurationList = 06A4B697273EDB9500EB4B9B /* Build configuration list for PBXProject "Restart" */;
			compatibilityVersion = "Xcode 13.0";
			developmentRegion = en;
			hasScannedForEncodings = 0;
			knownRegions = (
				en,
				Base,
			);
			mainGroup = 06A4B693273EDB9500EB4B9B;
			productRefGroup = 06A4B69D273EDB9500EB4B9B /* Products */;
			projectDirPath = "";
			projectRoot = "";
			targets = (
				06A4B69B273EDB9500EB4B9B /* Restart */,
			);
		};
/* End PBXProject section */

/* Begin PBXResourcesBuildPhase section */
		06A4B69A273EDB9500EB4B9B /* Resources */ = {
			isa = PBXResourcesBuildPhase;
			buildActionMask = 2147483647;
			files = (
				06A4B6B0273EDC4200EB4B9B /* chimeup.mp3 in Resources */,
				06A4B6A7273EDB9700EB4B9B /* Preview Assets.xcassets in Resources */,
				06A4B6AF273EDC4200EB4B9B /* success.m4a in Resources */,
				06A4B6A4273EDB9700EB4B9B /* Assets.xcassets in Resources */,
			);
			runOnlyForDeploymentPostprocessing = 0;
		};
/* End PBXResourcesBuildPhase section */

/* Begin PBXSourcesBuildPhase section */
		06A4B698273EDB9500EB4B9B /* Sources */ = {
			isa = PBXSourcesBuildPhase;
			buildActionMask = 2147483647;
			files = (
				063C7BA3273F8B1000F1CEFA /* CircleGroupView.swift in Sources */,
				06A4B6B7273EE0BC00EB4B9B /* OnboardingView.swift in Sources */,
				06A4B6B9273EE0D100EB4B9B /* HomeView.swift in Sources */,
				06A4B6A2273EDB9500EB4B9B /* ContentView.swift in Sources */,
				06A4B6A0273EDB9500EB4B9B /* RestartApp.swift in Sources */,
				0622B540273FB1780004AE2A /* AudioPlayer.swift in Sources */,
			);
			runOnlyForDeploymentPostprocessing = 0;
		};
/* End PBXSourcesBuildPhase section */

/* Begin XCBuildConfiguration section */
		06A4B6A8273EDB9700EB4B9B /* Debug */ = {
			isa = XCBuildConfiguration;
			buildSettings = {
				ALWAYS_SEARCH_USER_PATHS = NO;
				CLANG_ANALYZER_NONNULL = YES;
				CLANG_ANALYZER_NUMBER_OBJECT_CONVERSION = YES_AGGRESSIVE;
				CLANG_CXX_LANGUAGE_STANDARD = "gnu++17";
				CLANG_CXX_LIBRARY = "libc++";
				CLANG_ENABLE_MODULES = YES;
				CLANG_ENABLE_OBJC_ARC = YES;
				CLANG_ENABLE_OBJC_WEAK = YES;
				CLANG_WARN_BLOCK_CAPTURE_AUTORELEASING = YES;
				CLANG_WARN_BOOL_CONVERSION = YES;
				CLANG_WARN_COMMA = YES;
				CLANG_WARN_CONSTANT_CONVERSION = YES;
				CLANG_WARN_DEPRECATED_OBJC_IMPLEMENTATIONS = YES;
				CLANG_WARN_DIRECT_OBJC_ISA_USAGE = YES_ERROR;
				CLANG_WARN_DOCUMENTATION_COMMENTS = YES;
				CLANG_WARN_EMPTY_BODY = YES;
				CLANG_WARN_ENUM_CONVERSION = YES;
				CLANG_WARN_INFINITE_RECURSION = YES;
				CLANG_WARN_INT_CONVERSION = YES;
				CLANG_WARN_NON_LITERAL_NULL_CONVERSION = YES;
				CLANG_WARN_OBJC_IMPLICIT_RETAIN_SELF = YES;
				CLANG_WARN_OBJC_LITERAL_CONVERSION = YES;
				CLANG_WARN_OBJC_ROOT_CLASS = YES_ERROR;
				CLANG_WARN_QUOTED_INCLUDE_IN_FRAMEWORK_HEADER = YES;
				CLANG_WARN_RANGE_LOOP_ANALYSIS = YES;
				CLANG_WARN_STRICT_PROTOTYPES = YES;
				CLANG_WARN_SUSPICIOUS_MOVE = YES;
				CLANG_WARN_UNGUARDED_AVAILABILITY = YES_AGGRESSIVE;
				CLANG_WARN_UNREACHABLE_CODE = YES;
				CLANG_WARN__DUPLICATE_METHOD_MATCH = YES;
				COPY_PHASE_STRIP = NO;
				DEBUG_INFORMATION_FORMAT = dwarf;
				ENABLE_STRICT_OBJC_MSGSEND = YES;
				ENABLE_TESTABILITY = YES;
				GCC_C_LANGUAGE_STANDARD = gnu11;
				GCC_DYNAMIC_NO_PIC = NO;
				GCC_NO_COMMON_BLOCKS = YES;
				GCC_OPTIMIZATION_LEVEL = 0;
				GCC_PREPROCESSOR_DEFINITIONS = (
					"DEBUG=1",
					"$(inherited)",
				);
				GCC_WARN_64_TO_32_BIT_CONVERSION = YES;
				GCC_WARN_ABOUT_RETURN_TYPE = YES_ERROR;
				GCC_WARN_UNDECLARED_SELECTOR = YES;
				GCC_WARN_UNINITIALIZED_AUTOS = YES_AGGRESSIVE;
				GCC_WARN_UNUSED_FUNCTION = YES;
				GCC_WARN_UNUSED_VARIABLE = YES;
				IPHONEOS_DEPLOYMENT_TARGET = 15.0;
				MTL_ENABLE_DEBUG_INFO = INCLUDE_SOURCE;
				MTL_FAST_MATH = YES;
				ONLY_ACTIVE_ARCH = YES;
				SDKROOT = iphoneos;
				SWIFT_ACTIVE_COMPILATION_CONDITIONS = DEBUG;
				SWIFT_OPTIMIZATION_LEVEL = "-Onone";
			};
			name = Debug;
		};
		06A4B6A9273EDB9700EB4B9B /* Release */ = {
			isa = XCBuildConfiguration;
			buildSettings = {
				ALWAYS_SEARCH_USER_PATHS = NO;
				CLANG_ANALYZER_NONNULL = YES;
				CLANG_ANALYZER_NUMBER_OBJECT_CONVERSION = YES_AGGRESSIVE;
				CLANG_CXX_LANGUAGE_STANDARD = "gnu++17";
				CLANG_CXX_LIBRARY = "libc++";
				CLANG_ENABLE_MODULES = YES;
				CLANG_ENABLE_OBJC_ARC = YES;
				CLANG_ENABLE_OBJC_WEAK = YES;
				CLANG_WARN_BLOCK_CAPTURE_AUTORELEASING = YES;
				CLANG_WARN_BOOL_CONVERSION = YES;
				CLANG_WARN_COMMA = YES;
				CLANG_WARN_CONSTANT_CONVERSION = YES;
				CLANG_WARN_DEPRECATED_OBJC_IMPLEMENTATIONS = YES;
				CLANG_WARN_DIRECT_OBJC_ISA_USAGE = YES_ERROR;
				CLANG_WARN_DOCUMENTATION_COMMENTS = YES;
				CLANG_WARN_EMPTY_BODY = YES;
				CLANG_WARN_ENUM_CONVERSION = YES;
				CLANG_WARN_INFINITE_RECURSION = YES;
				CLANG_WARN_INT_CONVERSION = YES;
				CLANG_WARN_NON_LITERAL_NULL_CONVERSION = YES;
				CLANG_WARN_OBJC_IMPLICIT_RETAIN_SELF = YES;
				CLANG_WARN_OBJC_LITERAL_CONVERSION = YES;
				CLANG_WARN_OBJC_ROOT_CLASS = YES_ERROR;
				CLANG_WARN_QUOTED_INCLUDE_IN_FRAMEWORK_HEADER = YES;
				CLANG_WARN_RANGE_LOOP_ANALYSIS = YES;
				CLANG_WARN_STRICT_PROTOTYPES = YES;
				CLANG_WARN_SUSPICIOUS_MOVE = YES;
				CLANG_WARN_UNGUARDED_AVAILABILITY = YES_AGGRESSIVE;
				CLANG_WARN_UNREACHABLE_CODE = YES;
				CLANG_WARN__DUPLICATE_METHOD_MATCH = YES;
				COPY_PHASE_STRIP = NO;
				DEBUG_INFORMATION_FORMAT = "dwarf-with-dsym";
				ENABLE_NS_ASSERTIONS = NO;
				ENABLE_STRICT_OBJC_MSGSEND = YES;
				GCC_C_LANGUAGE_STANDARD = gnu11;
				GCC_NO_COMMON_BLOCKS = YES;
				GCC_WARN_64_TO_32_BIT_CONVERSION = YES;
				GCC_WARN_ABOUT_RETURN_TYPE = YES_ERROR;
				GCC_WARN_UNDECLARED_SELECTOR = YES;
				GCC_WARN_UNINITIALIZED_AUTOS = YES_AGGRESSIVE;
				GCC_WARN_UNUSED_FUNCTION = YES;
				GCC_WARN_UNUSED_VARIABLE = YES;
				IPHONEOS_DEPLOYMENT_TARGET = 15.0;
				MTL_ENABLE_DEBUG_INFO = NO;
				MTL_FAST_MATH = YES;
				SDKROOT = iphoneos;
				SWIFT_COMPILATION_MODE = wholemodule;
				SWIFT_OPTIMIZATION_LEVEL = "-O";
				VALIDATE_PRODUCT = YES;
			};
			name = Release;
		};
		06A4B6AB273EDB9700EB4B9B /* Debug */ = {
			isa = XCBuildConfiguration;
			buildSettings = {
				ASSETCATALOG_COMPILER_APPICON_NAME = AppIcon;
				ASSETCATALOG_COMPILER_GLOBAL_ACCENT_COLOR_NAME = AccentColor;
				CODE_SIGN_STYLE = Automatic;
				CURRENT_PROJECT_VERSION = 1;
				DEVELOPMENT_ASSET_PATHS = "\"Restart/Preview Content\"";
				ENABLE_PREVIEWS = YES;
				GENERATE_INFOPLIST_FILE = YES;
				INFOPLIST_FILE = Restart/Info.plist;
				INFOPLIST_KEY_UIApplicationSceneManifest_Generation = YES;
				INFOPLIST_KEY_UIApplicationSupportsIndirectInputEvents = YES;
				INFOPLIST_KEY_UISupportedInterfaceOrientations = UIInterfaceOrientationPortrait;
				INFOPLIST_KEY_UISupportedInterfaceOrientations_iPad = "UIInterfaceOrientationPortrait UIInterfaceOrientationPortraitUpsideDown UIInterfaceOrientationLandscapeLeft UIInterfaceOrientationLandscapeRight";
				INFOPLIST_KEY_UISupportedInterfaceOrientations_iPhone = UIInterfaceOrientationPortrait;
				IPHONEOS_DEPLOYMENT_TARGET = 15.0;
				LD_RUNPATH_SEARCH_PATHS = (
					"$(inherited)",
					"@executable_path/Frameworks",
				);
				MARKETING_VERSION = 1.0;
				PRODUCT_BUNDLE_IDENTIFIER = com.kurban.Restart;
				PRODUCT_NAME = "$(TARGET_NAME)";
				SWIFT_EMIT_LOC_STRINGS = YES;
				SWIFT_VERSION = 5.0;
				TARGETED_DEVICE_FAMILY = "1,2";
			};
			name = Debug;
		};
		06A4B6AC273EDB9700EB4B9B /* Release */ = {
			isa = XCBuildConfiguration;
			buildSettings = {
				ASSETCATALOG_COMPILER_APPICON_NAME = AppIcon;
				ASSETCATALOG_COMPILER_GLOBAL_ACCENT_COLOR_NAME = AccentColor;
				CODE_SIGN_STYLE = Automatic;
				CURRENT_PROJECT_VERSION = 1;
				DEVELOPMENT_ASSET_PATHS = "\"Restart/Preview Content\"";
				ENABLE_PREVIEWS = YES;
				GENERATE_INFOPLIST_FILE = YES;
				INFOPLIST_FILE = Restart/Info.plist;
				INFOPLIST_KEY_UIApplicationSceneManifest_Generation = YES;
				INFOPLIST_KEY_UIApplicationSupportsIndirectInputEvents = YES;
				INFOPLIST_KEY_UISupportedInterfaceOrientations = UIInterfaceOrientationPortrait;
				INFOPLIST_KEY_UISupportedInterfaceOrientations_iPad = "UIInterfaceOrientationPortrait UIInterfaceOrientationPortraitUpsideDown UIInterfaceOrientationLandscapeLeft UIInterfaceOrientationLandscapeRight";
				INFOPLIST_KEY_UISupportedInterfaceOrientations_iPhone = UIInterfaceOrientationPortrait;
				IPHONEOS_DEPLOYMENT_TARGET = 15.0;
				LD_RUNPATH_SEARCH_PATHS = (
					"$(inherited)",
					"@executable_path/Frameworks",
				);
				MARKETING_VERSION = 1.0;
				PRODUCT_BUNDLE_IDENTIFIER = com.kurban.Restart;
				PRODUCT_NAME = "$(TARGET_NAME)";
				SWIFT_EMIT_LOC_STRINGS = YES;
				SWIFT_VERSION = 5.0;
				TARGETED_DEVICE_FAMILY = "1,2";
			};
			name = Release;
		};
/* End XCBuildConfiguration section */

/* Begin XCConfigurationList section */
		06A4B697273EDB9500EB4B9B /* Build configuration list for PBXProject "Restart" */ = {
			isa = XCConfigurationList;
			buildConfigurations = (
				06A4B6A8273EDB9700EB4B9B /* Debug */,
				06A4B6A9273EDB9700EB4B9B /* Release */,
			);
			defaultConfigurationIsVisible = 0;
			defaultConfigurationName = Release;
		};
		06A4B6AA273EDB9700EB4B9B /* Build configuration list for PBXNativeTarget "Restart" */ = {
			isa = XCConfigurationList;
			buildConfigurations = (
				06A4B6AB273EDB9700EB4B9B /* Debug */,
				06A4B6AC273EDB9700EB4B9B /* Release */,
			);
			defaultConfigurationIsVisible = 0;
			defaultConfigurationName = Release;
		};
/* End XCConfigurationList section */
	};
	rootObject = 06A4B694273EDB9500EB4B9B /* Project object */;
}
